
Microsoft Visual Studio Solution File, Format Version 12.00
# Visual Studio 15
VisualStudioVersion = 15.0.27428.1
MinimumVisualStudioVersion = 10.0.40219.1
Project("{FAE04EC0-301F-11D3-BF4B-00C04F79EFBC}") = "Cat", "Cat\Cat.csproj", "{F47F94AB-A6A9-4F38-9761-363C769B710A}"
EndProject
Global
	GlobalSection(SolutionConfigurationPlatforms) = preSolution
		Debug|Any CPU = Debug|Any CPU
		Release|Any CPU = Release|Any CPU
	EndGlobalSection
	GlobalSection(ProjectConfigurationPlatforms) = postSolution
		{F47F94AB-A6A9-4F38-9761-363C769B710A}.Debug|Any CPU.ActiveCfg = Debug|Any CPU
		{F47F94AB-A6A9-4F38-9761-363C769B710A}.Debug|Any CPU.Build.0 = Debug|Any CPU
		{F47F94AB-A6A9-4F38-9761-363C769B710A}.Release|Any CPU.ActiveCfg = Release|Any CPU
		{F47F94AB-A6A9-4F38-9761-363C769B710A}.Release|Any CPU.Build.0 = Release|Any CPU
	EndGlobalSection
	GlobalSection(SolutionProperties) = preSolution
		HideSolutionNode = FALSE
	EndGlobalSection
	GlobalSection(ExtensibilityGlobals) = postSolution
		SolutionGuid = {304B8031-303A-47F3-AA7E-F93F4E1A8E22}
	EndGlobalSection
EndGlobal
