
Microsoft Visual Studio Solution File, Format Version 12.00
# Visual Studio Version 16
VisualStudioVersion = 16.0.29324.140
MinimumVisualStudioVersion = 10.0.40219.1
Project("{9A19103F-16F7-4668-BE54-9A1E7A4F7556}") = "Cat", "Cat\Cat.csproj", "{519B5902-90EA-4256-B45F-10B0DC7606D7}"
EndProject
Project("{9A19103F-16F7-4668-BE54-9A1E7A4F7556}") = "Cat.Persistence", "Cat.Persistence\Cat.Persistence.csproj", "{C74ABA3C-9607-489B-A255-2639E9919084}"
EndProject
Project("{9A19103F-16F7-4668-BE54-9A1E7A4F7556}") = "Cat.Persistence.Domain", "Cat.Persistence.Domain\Cat.Persistence.Domain.csproj", "{67855A67-2A44-4588-9559-98519A674ED5}"
EndProject
Project("{9A19103F-16F7-4668-BE54-9A1E7A4F7556}") = "Cat.Persistence.EntityFrameworkCore", "Cat.Persistence.EntityFrameworkCore\Cat.Persistence.EntityFrameworkCore.csproj", "{0372BFDF-3DE1-4E9A-9FA8-DB0154F2A6D8}"
EndProject
Project("{9A19103F-16F7-4668-BE54-9A1E7A4F7556}") = "Cat.Persistence.JsonStorage", "Cat.Persistence.JsonStorage\Cat.Persistence.JsonStorage.csproj", "{4E263337-3B15-47E1-8731-1EB694478475}"
EndProject
Project("{FAE04EC0-301F-11D3-BF4B-00C04F79EFBC}") = "Cat.Quiz.Server", "Cat.Quiz.Server\Cat.Quiz.Server.csproj", "{5E13D765-B87C-4037-92E6-0FC174090C61}"
EndProject
Global
	GlobalSection(SolutionConfigurationPlatforms) = preSolution
		Debug|Any CPU = Debug|Any CPU
		Release|Any CPU = Release|Any CPU
	EndGlobalSection
	GlobalSection(ProjectConfigurationPlatforms) = postSolution
		{519B5902-90EA-4256-B45F-10B0DC7606D7}.Debug|Any CPU.ActiveCfg = Debug|Any CPU
		{519B5902-90EA-4256-B45F-10B0DC7606D7}.Debug|Any CPU.Build.0 = Debug|Any CPU
		{519B5902-90EA-4256-B45F-10B0DC7606D7}.Release|Any CPU.ActiveCfg = Release|Any CPU
		{519B5902-90EA-4256-B45F-10B0DC7606D7}.Release|Any CPU.Build.0 = Release|Any CPU
		{C74ABA3C-9607-489B-A255-2639E9919084}.Debug|Any CPU.ActiveCfg = Debug|Any CPU
		{C74ABA3C-9607-489B-A255-2639E9919084}.Debug|Any CPU.Build.0 = Debug|Any CPU
		{C74ABA3C-9607-489B-A255-2639E9919084}.Release|Any CPU.ActiveCfg = Release|Any CPU
		{C74ABA3C-9607-489B-A255-2639E9919084}.Release|Any CPU.Build.0 = Release|Any CPU
		{67855A67-2A44-4588-9559-98519A674ED5}.Debug|Any CPU.ActiveCfg = Debug|Any CPU
		{67855A67-2A44-4588-9559-98519A674ED5}.Debug|Any CPU.Build.0 = Debug|Any CPU
		{67855A67-2A44-4588-9559-98519A674ED5}.Release|Any CPU.ActiveCfg = Release|Any CPU
		{67855A67-2A44-4588-9559-98519A674ED5}.Release|Any CPU.Build.0 = Release|Any CPU
		{0372BFDF-3DE1-4E9A-9FA8-DB0154F2A6D8}.Debug|Any CPU.ActiveCfg = Debug|Any CPU
		{0372BFDF-3DE1-4E9A-9FA8-DB0154F2A6D8}.Debug|Any CPU.Build.0 = Debug|Any CPU
		{0372BFDF-3DE1-4E9A-9FA8-DB0154F2A6D8}.Release|Any CPU.ActiveCfg = Release|Any CPU
		{0372BFDF-3DE1-4E9A-9FA8-DB0154F2A6D8}.Release|Any CPU.Build.0 = Release|Any CPU
		{4E263337-3B15-47E1-8731-1EB694478475}.Debug|Any CPU.ActiveCfg = Debug|Any CPU
		{4E263337-3B15-47E1-8731-1EB694478475}.Debug|Any CPU.Build.0 = Debug|Any CPU
		{4E263337-3B15-47E1-8731-1EB694478475}.Release|Any CPU.ActiveCfg = Release|Any CPU
		{4E263337-3B15-47E1-8731-1EB694478475}.Release|Any CPU.Build.0 = Release|Any CPU
		{5E13D765-B87C-4037-92E6-0FC174090C61}.Debug|Any CPU.ActiveCfg = Debug|Any CPU
		{5E13D765-B87C-4037-92E6-0FC174090C61}.Debug|Any CPU.Build.0 = Debug|Any CPU
		{5E13D765-B87C-4037-92E6-0FC174090C61}.Release|Any CPU.ActiveCfg = Release|Any CPU
		{5E13D765-B87C-4037-92E6-0FC174090C61}.Release|Any CPU.Build.0 = Release|Any CPU
	EndGlobalSection
	GlobalSection(SolutionProperties) = preSolution
		HideSolutionNode = FALSE
	EndGlobalSection
	GlobalSection(ExtensibilityGlobals) = postSolution
		SolutionGuid = {06723316-E5E5-4685-8E4A-D2EC38FA3E64}
	EndGlobalSection
EndGlobal
